
Microsoft Visual Studio Solution File, Format Version 12.00
# Visual Studio 15
VisualStudioVersion = 15.0.27703.2018
MinimumVisualStudioVersion = 10.0.40219.1
Project("{FAE04EC0-301F-11D3-BF4B-00C04F79EFBC}") = "Laboratoire_1", "Laboratoire_1\Laboratoire_1.csproj", "{BA7AA700-51FF-4DFC-A0BA-003FB6B95B42}"
EndProject
Global
	GlobalSection(SolutionConfigurationPlatforms) = preSolution
		Debug|Any CPU = Debug|Any CPU
		Release|Any CPU = Release|Any CPU
	EndGlobalSection
	GlobalSection(ProjectConfigurationPlatforms) = postSolution
		{BA7AA700-51FF-4DFC-A0BA-003FB6B95B42}.Debug|Any CPU.ActiveCfg = Debug|Any CPU
		{BA7AA700-51FF-4DFC-A0BA-003FB6B95B42}.Debug|Any CPU.Build.0 = Debug|Any CPU
		{BA7AA700-51FF-4DFC-A0BA-003FB6B95B42}.Release|Any CPU.ActiveCfg = Release|Any CPU
		{BA7AA700-51FF-4DFC-A0BA-003FB6B95B42}.Release|Any CPU.Build.0 = Release|Any CPU
	EndGlobalSection
	GlobalSection(SolutionProperties) = preSolution
		HideSolutionNode = FALSE
	EndGlobalSection
	GlobalSection(ExtensibilityGlobals) = postSolution
		SolutionGuid = {3DE3000A-0DB8-44F8-BA3F-529E92D7A88E}
	EndGlobalSection
EndGlobal
